# This file is automatically @generated by Cargo.
# It is not intended for manual editing.
version = 4

[[package]]
name = "api"
version = "0.1.0"
dependencies = [
 "fk",
 "fkapi",
]

[[package]]
name = "array"
version = "0.1.0"
dependencies = [
 "fk",
 "fkapi",
]

[[package]]
name = "demo-circle"
version = "0.1.0"
dependencies = [
 "fk",
 "fkapi",
 "fkipc",
]

[[package]]
name = "dict"
version = "0.1.0"
dependencies = [
 "fk",
 "fkapi",
]

[[package]]
name = "fk"
version = "0.1.0"
dependencies = [
 "fkgc",
]

[[package]]
name = "fkapi"
version = "0.1.0"

[[package]]
name = "fkgc"
version = "0.1.0"

[[package]]
name = "fkipc"
version = "0.1.0"
dependencies = [
 "fk",
 "fkapi",
]

[[package]]
name = "gcconfig"
version = "0.1.0"
dependencies = [
 "fk",
]

[[package]]
name = "gcsave"
version = "0.1.0"
dependencies = [
 "fk",
]

[[package]]
name = "gctorture"
version = "0.1.0"
dependencies = [
 "fk",
]

[[package]]
name = "hello"
version = "0.1.0"
dependencies = [
 "fk",
]

[[package]]
name = "ipc"
version = "0.1.0"
dependencies = [
 "fk",
 "fkipc",
]

[[package]]
name = "lasterror"
version = "0.1.0"
dependencies = [
 "fk",
 "fkapi",
]
